// !$*UTF8*$!
{
	archiveVersion = 1;
	classes = {
	};
	objectVersion = 56;
	objects = {

/* Begin PBXBuildFile section */
		61A2C2D62AA4EAC700C81735 /* RecipeSaverApp.swift in Sources */ = {isa = PBXBuildFile; fileRef = 61A2C2D52AA4EAC700C81735 /* RecipeSaverApp.swift */; };
		61A2C2D82AA4EAC700C81735 /* ContentView.swift in Sources */ = {isa = PBXBuildFile; fileRef = 61A2C2D72AA4EAC700C81735 /* ContentView.swift */; };
		61A2C2DA2AA4EAC900C81735 /* Assets.xcassets in Resources */ = {isa = PBXBuildFile; fileRef = 61A2C2D92AA4EAC900C81735 /* Assets.xcassets */; };
		61A2C2DD2AA4EAC900C81735 /* Preview Assets.xcassets in Resources */ = {isa = PBXBuildFile; fileRef = 61A2C2DC2AA4EAC900C81735 /* Preview Assets.xcassets */; };
		61A2C2EB2AA4EC0100C81735 /* HomeView.swift in Sources */ = {isa = PBXBuildFile; fileRef = 61A2C2EA2AA4EC0100C81735 /* HomeView.swift */; };
		61A2C2ED2AA4EC1200C81735 /* CategoriesView.swift in Sources */ = {isa = PBXBuildFile; fileRef = 61A2C2EC2AA4EC1200C81735 /* CategoriesView.swift */; };
		61A2C2EF2AA4EC3A00C81735 /* NewRecipeView.swift in Sources */ = {isa = PBXBuildFile; fileRef = 61A2C2EE2AA4EC3A00C81735 /* NewRecipeView.swift */; };
		61A2C2F12AA4EC4A00C81735 /* FavoritesView.swift in Sources */ = {isa = PBXBuildFile; fileRef = 61A2C2F02AA4EC4A00C81735 /* FavoritesView.swift */; };
		61A2C2F32AA4EC5500C81735 /* SettingsView.swift in Sources */ = {isa = PBXBuildFile; fileRef = 61A2C2F22AA4EC5500C81735 /* SettingsView.swift */; };
		61A2C2F62AA52D3800C81735 /* TabBar.swift in Sources */ = {isa = PBXBuildFile; fileRef = 61A2C2F52AA52D3800C81735 /* TabBar.swift */; };
		61A2C2F82AA6303B00C81735 /* RecipeModel.swift in Sources */ = {isa = PBXBuildFile; fileRef = 61A2C2F72AA6303B00C81735 /* RecipeModel.swift */; };
		61EF19072AA7CAD200FF23B5 /* RecipeCard.swift in Sources */ = {isa = PBXBuildFile; fileRef = 61EF19062AA7CAD200FF23B5 /* RecipeCard.swift */; };
		61EF19092AA7E27200FF23B5 /* RecipeList.swift in Sources */ = {isa = PBXBuildFile; fileRef = 61EF19082AA7E27200FF23B5 /* RecipeList.swift */; };
		61EF190D2AA80ADB00FF23B5 /* RecipeView.swift in Sources */ = {isa = PBXBuildFile; fileRef = 61EF190C2AA80ADB00FF23B5 /* RecipeView.swift */; };
/* End PBXBuildFile section */

/* Begin PBXFileReference section */
		61A2C2D22AA4EAC700C81735 /* RecipeSaver.app */ = {isa = PBXFileReference; explicitFileType = wrapper.application; includeInIndex = 0; path = RecipeSaver.app; sourceTree = BUILT_PRODUCTS_DIR; };
		61A2C2D52AA4EAC700C81735 /* RecipeSaverApp.swift */ = {isa = PBXFileReference; lastKnownFileType = sourcecode.swift; path = RecipeSaverApp.swift; sourceTree = "<group>"; };
		61A2C2D72AA4EAC700C81735 /* ContentView.swift */ = {isa = PBXFileReference; lastKnownFileType = sourcecode.swift; path = ContentView.swift; sourceTree = "<group>"; };
		61A2C2D92AA4EAC900C81735 /* Assets.xcassets */ = {isa = PBXFileReference; lastKnownFileType = folder.assetcatalog; path = Assets.xcassets; sourceTree = "<group>"; };
		61A2C2DC2AA4EAC900C81735 /* Preview Assets.xcassets */ = {isa = PBXFileReference; lastKnownFileType = folder.assetcatalog; path = "Preview Assets.xcassets"; sourceTree = "<group>"; };
		61A2C2EA2AA4EC0100C81735 /* HomeView.swift */ = {isa = PBXFileReference; lastKnownFileType = sourcecode.swift; path = HomeView.swift; sourceTree = "<group>"; };
		61A2C2EC2AA4EC1200C81735 /* CategoriesView.swift */ = {isa = PBXFileReference; lastKnownFileType = sourcecode.swift; path = CategoriesView.swift; sourceTree = "<group>"; };
		61A2C2EE2AA4EC3A00C81735 /* NewRecipeView.swift */ = {isa = PBXFileReference; lastKnownFileType = sourcecode.swift; path = NewRecipeView.swift; sourceTree = "<group>"; };
		61A2C2F02AA4EC4A00C81735 /* FavoritesView.swift */ = {isa = PBXFileReference; lastKnownFileType = sourcecode.swift; path = FavoritesView.swift; sourceTree = "<group>"; };
		61A2C2F22AA4EC5500C81735 /* SettingsView.swift */ = {isa = PBXFileReference; lastKnownFileType = sourcecode.swift; path = SettingsView.swift; sourceTree = "<group>"; };
		61A2C2F52AA52D3800C81735 /* TabBar.swift */ = {isa = PBXFileReference; lastKnownFileType = sourcecode.swift; path = TabBar.swift; sourceTree = "<group>"; };
		61A2C2F72AA6303B00C81735 /* RecipeModel.swift */ = {isa = PBXFileReference; lastKnownFileType = sourcecode.swift; path = RecipeModel.swift; sourceTree = "<group>"; };
		61EF19062AA7CAD200FF23B5 /* RecipeCard.swift */ = {isa = PBXFileReference; lastKnownFileType = sourcecode.swift; name = RecipeCard.swift; path = RecipeSaver/Views/RecipeCard.swift; sourceTree = SOURCE_ROOT; };
		61EF19082AA7E27200FF23B5 /* RecipeList.swift */ = {isa = PBXFileReference; lastKnownFileType = sourcecode.swift; name = RecipeList.swift; path = RecipeSaver/Views/RecipeList.swift; sourceTree = SOURCE_ROOT; };
		61EF190C2AA80ADB00FF23B5 /* RecipeView.swift */ = {isa = PBXFileReference; lastKnownFileType = sourcecode.swift; path = RecipeView.swift; sourceTree = "<group>"; };
/* End PBXFileReference section */

/* Begin PBXFrameworksBuildPhase section */
		61A2C2CF2AA4EAC700C81735 /* Frameworks */ = {
			isa = PBXFrameworksBuildPhase;
			buildActionMask = 2147483647;
			files = (
			);
			runOnlyForDeploymentPostprocessing = 0;
		};
/* End PBXFrameworksBuildPhase section */

/* Begin PBXGroup section */
		61A2C2C92AA4EAC700C81735 = {
			isa = PBXGroup;
			children = (
				61A2C2D42AA4EAC700C81735 /* RecipeSaver */,
				61A2C2D32AA4EAC700C81735 /* Products */,
			);
			sourceTree = "<group>";
		};
		61A2C2D32AA4EAC700C81735 /* Products */ = {
			isa = PBXGroup;
			children = (
				61A2C2D22AA4EAC700C81735 /* RecipeSaver.app */,
			);
			name = Products;
			sourceTree = "<group>";
		};
		61A2C2D42AA4EAC700C81735 /* RecipeSaver */ = {
			isa = PBXGroup;
			children = (
				61A2C2D52AA4EAC700C81735 /* RecipeSaverApp.swift */,
				61A2C2E32AA4EB1600C81735 /* Views */,
				61A2C2E82AA4EB6100C81735 /* ViewModels */,
				61A2C2E92AA4EB6D00C81735 /* Models */,
				61A2C2D92AA4EAC900C81735 /* Assets.xcassets */,
				61A2C2DB2AA4EAC900C81735 /* Preview Content */,
			);
			path = RecipeSaver;
			sourceTree = "<group>";
		};
		61A2C2DB2AA4EAC900C81735 /* Preview Content */ = {
			isa = PBXGroup;
			children = (
				61A2C2DC2AA4EAC900C81735 /* Preview Assets.xcassets */,
			);
			path = "Preview Content";
			sourceTree = "<group>";
		};
		61A2C2E32AA4EB1600C81735 /* Views */ = {
			isa = PBXGroup;
			children = (
				61A2C2E42AA4EB3500C81735 /* Main */,
				61A2C2E52AA4EB4300C81735 /* Detail */,
				61A2C2E72AA4EB5400C81735 /* Components */,
			);
			path = Views;
			sourceTree = "<group>";
		};
		61A2C2E42AA4EB3500C81735 /* Main */ = {
			isa = PBXGroup;
			children = (
				61A2C2D72AA4EAC700C81735 /* ContentView.swift */,
				61A2C2F52AA52D3800C81735 /* TabBar.swift */,
				61A2C2EA2AA4EC0100C81735 /* HomeView.swift */,
				61A2C2EC2AA4EC1200C81735 /* CategoriesView.swift */,
				61A2C2EE2AA4EC3A00C81735 /* NewRecipeView.swift */,
				61A2C2F02AA4EC4A00C81735 /* FavoritesView.swift */,
				61A2C2F22AA4EC5500C81735 /* SettingsView.swift */,
			);
			path = Main;
			sourceTree = "<group>";
		};
		61A2C2E52AA4EB4300C81735 /* Detail */ = {
			isa = PBXGroup;
			children = (
				61EF190C2AA80ADB00FF23B5 /* RecipeView.swift */,
			);
			path = Detail;
			sourceTree = "<group>";
		};
		61A2C2E72AA4EB5400C81735 /* Components */ = {
			isa = PBXGroup;
			children = (
				61EF19062AA7CAD200FF23B5 /* RecipeCard.swift */,
				61EF19082AA7E27200FF23B5 /* RecipeList.swift */,
			);
			path = Components;
			sourceTree = "<group>";
		};
		61A2C2E82AA4EB6100C81735 /* ViewModels */ = {
			isa = PBXGroup;
			children = (
			);
			path = ViewModels;
			sourceTree = "<group>";
		};
		61A2C2E92AA4EB6D00C81735 /* Models */ = {
			isa = PBXGroup;
			children = (
				61A2C2F72AA6303B00C81735 /* RecipeModel.swift */,
			);
			path = Models;
			sourceTree = "<group>";
		};
/* End PBXGroup section */

/* Begin PBXNativeTarget section */
		61A2C2D12AA4EAC700C81735 /* RecipeSaver */ = {
			isa = PBXNativeTarget;
			buildConfigurationList = 61A2C2E02AA4EAC900C81735 /* Build configuration list for PBXNativeTarget "RecipeSaver" */;
			buildPhases = (
				61A2C2CE2AA4EAC700C81735 /* Sources */,
				61A2C2CF2AA4EAC700C81735 /* Frameworks */,
				61A2C2D02AA4EAC700C81735 /* Resources */,
			);
			buildRules = (
			);
			dependencies = (
			);
			name = RecipeSaver;
			productName = RecipeSaver;
			productReference = 61A2C2D22AA4EAC700C81735 /* RecipeSaver.app */;
			productType = "com.apple.product-type.application";
		};
/* End PBXNativeTarget section */

/* Begin PBXProject section */
		61A2C2CA2AA4EAC700C81735 /* Project object */ = {
			isa = PBXProject;
			attributes = {
				BuildIndependentTargetsInParallel = 1;
				LastSwiftUpdateCheck = 1430;
				LastUpgradeCheck = 1430;
				TargetAttributes = {
					61A2C2D12AA4EAC700C81735 = {
						CreatedOnToolsVersion = 14.3.1;
					};
				};
			};
			buildConfigurationList = 61A2C2CD2AA4EAC700C81735 /* Build configuration list for PBXProject "RecipeSaver" */;
			compatibilityVersion = "Xcode 14.0";
			developmentRegion = en;
			hasScannedForEncodings = 0;
			knownRegions = (
				en,
				Base,
			);
			mainGroup = 61A2C2C92AA4EAC700C81735;
			productRefGroup = 61A2C2D32AA4EAC700C81735 /* Products */;
			projectDirPath = "";
			projectRoot = "";
			targets = (
				61A2C2D12AA4EAC700C81735 /* RecipeSaver */,
			);
		};
/* End PBXProject section */

/* Begin PBXResourcesBuildPhase section */
		61A2C2D02AA4EAC700C81735 /* Resources */ = {
			isa = PBXResourcesBuildPhase;
			buildActionMask = 2147483647;
			files = (
				61A2C2DD2AA4EAC900C81735 /* Preview Assets.xcassets in Resources */,
				61A2C2DA2AA4EAC900C81735 /* Assets.xcassets in Resources */,
			);
			runOnlyForDeploymentPostprocessing = 0;
		};
/* End PBXResourcesBuildPhase section */

/* Begin PBXSourcesBuildPhase section */
		61A2C2CE2AA4EAC700C81735 /* Sources */ = {
			isa = PBXSourcesBuildPhase;
			buildActionMask = 2147483647;
			files = (
				61A2C2F32AA4EC5500C81735 /* SettingsView.swift in Sources */,
				61EF19072AA7CAD200FF23B5 /* RecipeCard.swift in Sources */,
				61A2C2ED2AA4EC1200C81735 /* CategoriesView.swift in Sources */,
				61A2C2EF2AA4EC3A00C81735 /* NewRecipeView.swift in Sources */,
				61A2C2F62AA52D3800C81735 /* TabBar.swift in Sources */,
				61A2C2F12AA4EC4A00C81735 /* FavoritesView.swift in Sources */,
				61EF190D2AA80ADB00FF23B5 /* RecipeView.swift in Sources */,
				61EF19092AA7E27200FF23B5 /* RecipeList.swift in Sources */,
				61A2C2EB2AA4EC0100C81735 /* HomeView.swift in Sources */,
				61A2C2D82AA4EAC700C81735 /* ContentView.swift in Sources */,
				61A2C2D62AA4EAC700C81735 /* RecipeSaverApp.swift in Sources */,
				61A2C2F82AA6303B00C81735 /* RecipeModel.swift in Sources */,
			);
			runOnlyForDeploymentPostprocessing = 0;
		};
/* End PBXSourcesBuildPhase section */

/* Begin XCBuildConfiguration section */
		61A2C2DE2AA4EAC900C81735 /* Debug */ = {
			isa = XCBuildConfiguration;
			buildSettings = {
				ALWAYS_SEARCH_USER_PATHS = NO;
				CLANG_ANALYZER_NONNULL = YES;
				CLANG_ANALYZER_NUMBER_OBJECT_CONVERSION = YES_AGGRESSIVE;
				CLANG_CXX_LANGUAGE_STANDARD = "gnu++20";
				CLANG_ENABLE_MODULES = YES;
				CLANG_ENABLE_OBJC_ARC = YES;
				CLANG_ENABLE_OBJC_WEAK = YES;
				CLANG_WARN_BLOCK_CAPTURE_AUTORELEASING = YES;
				CLANG_WARN_BOOL_CONVERSION = YES;
				CLANG_WARN_COMMA = YES;
				CLANG_WARN_CONSTANT_CONVERSION = YES;
				CLANG_WARN_DEPRECATED_OBJC_IMPLEMENTATIONS = YES;
				CLANG_WARN_DIRECT_OBJC_ISA_USAGE = YES_ERROR;
				CLANG_WARN_DOCUMENTATION_COMMENTS = YES;
				CLANG_WARN_EMPTY_BODY = YES;
				CLANG_WARN_ENUM_CONVERSION = YES;
				CLANG_WARN_INFINITE_RECURSION = YES;
				CLANG_WARN_INT_CONVERSION = YES;
				CLANG_WARN_NON_LITERAL_NULL_CONVERSION = YES;
				CLANG_WARN_OBJC_IMPLICIT_RETAIN_SELF = YES;
				CLANG_WARN_OBJC_LITERAL_CONVERSION = YES;
				CLANG_WARN_OBJC_ROOT_CLASS = YES_ERROR;
				CLANG_WARN_QUOTED_INCLUDE_IN_FRAMEWORK_HEADER = YES;
				CLANG_WARN_RANGE_LOOP_ANALYSIS = YES;
				CLANG_WARN_STRICT_PROTOTYPES = YES;
				CLANG_WARN_SUSPICIOUS_MOVE = YES;
				CLANG_WARN_UNGUARDED_AVAILABILITY = YES_AGGRESSIVE;
				CLANG_WARN_UNREACHABLE_CODE = YES;
				CLANG_WARN__DUPLICATE_METHOD_MATCH = YES;
				COPY_PHASE_STRIP = NO;
				DEBUG_INFORMATION_FORMAT = dwarf;
				ENABLE_STRICT_OBJC_MSGSEND = YES;
				ENABLE_TESTABILITY = YES;
				GCC_C_LANGUAGE_STANDARD = gnu11;
				GCC_DYNAMIC_NO_PIC = NO;
				GCC_NO_COMMON_BLOCKS = YES;
				GCC_OPTIMIZATION_LEVEL = 0;
				GCC_PREPROCESSOR_DEFINITIONS = (
					"DEBUG=1",
					"$(inherited)",
				);
				GCC_WARN_64_TO_32_BIT_CONVERSION = YES;
				GCC_WARN_ABOUT_RETURN_TYPE = YES_ERROR;
				GCC_WARN_UNDECLARED_SELECTOR = YES;
				GCC_WARN_UNINITIALIZED_AUTOS = YES_AGGRESSIVE;
				GCC_WARN_UNUSED_FUNCTION = YES;
				GCC_WARN_UNUSED_VARIABLE = YES;
				IPHONEOS_DEPLOYMENT_TARGET = 16.4;
				MTL_ENABLE_DEBUG_INFO = INCLUDE_SOURCE;
				MTL_FAST_MATH = YES;
				ONLY_ACTIVE_ARCH = YES;
				SDKROOT = iphoneos;
				SWIFT_ACTIVE_COMPILATION_CONDITIONS = DEBUG;
				SWIFT_OPTIMIZATION_LEVEL = "-Onone";
			};
			name = Debug;
		};
		61A2C2DF2AA4EAC900C81735 /* Release */ = {
			isa = XCBuildConfiguration;
			buildSettings = {
				ALWAYS_SEARCH_USER_PATHS = NO;
				CLANG_ANALYZER_NONNULL = YES;
				CLANG_ANALYZER_NUMBER_OBJECT_CONVERSION = YES_AGGRESSIVE;
				CLANG_CXX_LANGUAGE_STANDARD = "gnu++20";
				CLANG_ENABLE_MODULES = YES;
				CLANG_ENABLE_OBJC_ARC = YES;
				CLANG_ENABLE_OBJC_WEAK = YES;
				CLANG_WARN_BLOCK_CAPTURE_AUTORELEASING = YES;
				CLANG_WARN_BOOL_CONVERSION = YES;
				CLANG_WARN_COMMA = YES;
				CLANG_WARN_CONSTANT_CONVERSION = YES;
				CLANG_WARN_DEPRECATED_OBJC_IMPLEMENTATIONS = YES;
				CLANG_WARN_DIRECT_OBJC_ISA_USAGE = YES_ERROR;
				CLANG_WARN_DOCUMENTATION_COMMENTS = YES;
				CLANG_WARN_EMPTY_BODY = YES;
				CLANG_WARN_ENUM_CONVERSION = YES;
				CLANG_WARN_INFINITE_RECURSION = YES;
				CLANG_WARN_INT_CONVERSION = YES;
				CLANG_WARN_NON_LITERAL_NULL_CONVERSION = YES;
				CLANG_WARN_OBJC_IMPLICIT_RETAIN_SELF = YES;
				CLANG_WARN_OBJC_LITERAL_CONVERSION = YES;
				CLANG_WARN_OBJC_ROOT_CLASS = YES_ERROR;
				CLANG_WARN_QUOTED_INCLUDE_IN_FRAMEWORK_HEADER = YES;
				CLANG_WARN_RANGE_LOOP_ANALYSIS = YES;
				CLANG_WARN_STRICT_PROTOTYPES = YES;
				CLANG_WARN_SUSPICIOUS_MOVE = YES;
				CLANG_WARN_UNGUARDED_AVAILABILITY = YES_AGGRESSIVE;
				CLANG_WARN_UNREACHABLE_CODE = YES;
				CLANG_WARN__DUPLICATE_METHOD_MATCH = YES;
				COPY_PHASE_STRIP = NO;
				DEBUG_INFORMATION_FORMAT = "dwarf-with-dsym";
				ENABLE_NS_ASSERTIONS = NO;
				ENABLE_STRICT_OBJC_MSGSEND = YES;
				GCC_C_LANGUAGE_STANDARD = gnu11;
				GCC_NO_COMMON_BLOCKS = YES;
				GCC_WARN_64_TO_32_BIT_CONVERSION = YES;
				GCC_WARN_ABOUT_RETURN_TYPE = YES_ERROR;
				GCC_WARN_UNDECLARED_SELECTOR = YES;
				GCC_WARN_UNINITIALIZED_AUTOS = YES_AGGRESSIVE;
				GCC_WARN_UNUSED_FUNCTION = YES;
				GCC_WARN_UNUSED_VARIABLE = YES;
				IPHONEOS_DEPLOYMENT_TARGET = 16.4;
				MTL_ENABLE_DEBUG_INFO = NO;
				MTL_FAST_MATH = YES;
				SDKROOT = iphoneos;
				SWIFT_COMPILATION_MODE = wholemodule;
				SWIFT_OPTIMIZATION_LEVEL = "-O";
				VALIDATE_PRODUCT = YES;
			};
			name = Release;
		};
		61A2C2E12AA4EAC900C81735 /* Debug */ = {
			isa = XCBuildConfiguration;
			buildSettings = {
				ASSETCATALOG_COMPILER_APPICON_NAME = AppIcon;
				ASSETCATALOG_COMPILER_GLOBAL_ACCENT_COLOR_NAME = AccentColor;
				CODE_SIGN_STYLE = Automatic;
				CURRENT_PROJECT_VERSION = 1;
				DEVELOPMENT_ASSET_PATHS = "\"RecipeSaver/Preview Content\"";
				DEVELOPMENT_TEAM = 4FXJ5W7FM5;
				ENABLE_PREVIEWS = YES;
				GENERATE_INFOPLIST_FILE = YES;
				INFOPLIST_KEY_UIApplicationSceneManifest_Generation = YES;
				INFOPLIST_KEY_UIApplicationSupportsIndirectInputEvents = YES;
				INFOPLIST_KEY_UILaunchScreen_Generation = YES;
				INFOPLIST_KEY_UISupportedInterfaceOrientations_iPad = "UIInterfaceOrientationPortrait UIInterfaceOrientationPortraitUpsideDown UIInterfaceOrientationLandscapeLeft UIInterfaceOrientationLandscapeRight";
				INFOPLIST_KEY_UISupportedInterfaceOrientations_iPhone = "UIInterfaceOrientationPortrait UIInterfaceOrientationLandscapeLeft UIInterfaceOrientationLandscapeRight";
				LD_RUNPATH_SEARCH_PATHS = (
					"$(inherited)",
					"@executable_path/Frameworks",
				);
				MARKETING_VERSION = 1.0;
				PRODUCT_BUNDLE_IDENTIFIER = com.iManzi.RecipeSaver;
				PRODUCT_NAME = "$(TARGET_NAME)";
				SWIFT_EMIT_LOC_STRINGS = YES;
				SWIFT_VERSION = 5.0;
				TARGETED_DEVICE_FAMILY = "1,2";
			};
			name = Debug;
		};
		61A2C2E22AA4EAC900C81735 /* Release */ = {
			isa = XCBuildConfiguration;
			buildSettings = {
				ASSETCATALOG_COMPILER_APPICON_NAME = AppIcon;
				ASSETCATALOG_COMPILER_GLOBAL_ACCENT_COLOR_NAME = AccentColor;
				CODE_SIGN_STYLE = Automatic;
				CURRENT_PROJECT_VERSION = 1;
				DEVELOPMENT_ASSET_PATHS = "\"RecipeSaver/Preview Content\"";
				DEVELOPMENT_TEAM = 4FXJ5W7FM5;
				ENABLE_PREVIEWS = YES;
				GENERATE_INFOPLIST_FILE = YES;
				INFOPLIST_KEY_UIApplicationSceneManifest_Generation = YES;
				INFOPLIST_KEY_UIApplicationSupportsIndirectInputEvents = YES;
				INFOPLIST_KEY_UILaunchScreen_Generation = YES;
				INFOPLIST_KEY_UISupportedInterfaceOrientations_iPad = "UIInterfaceOrientationPortrait UIInterfaceOrientationPortraitUpsideDown UIInterfaceOrientationLandscapeLeft UIInterfaceOrientationLandscapeRight";
				INFOPLIST_KEY_UISupportedInterfaceOrientations_iPhone = "UIInterfaceOrientationPortrait UIInterfaceOrientationLandscapeLeft UIInterfaceOrientationLandscapeRight";
				LD_RUNPATH_SEARCH_PATHS = (
					"$(inherited)",
					"@executable_path/Frameworks",
				);
				MARKETING_VERSION = 1.0;
				PRODUCT_BUNDLE_IDENTIFIER = com.iManzi.RecipeSaver;
				PRODUCT_NAME = "$(TARGET_NAME)";
				SWIFT_EMIT_LOC_STRINGS = YES;
				SWIFT_VERSION = 5.0;
				TARGETED_DEVICE_FAMILY = "1,2";
			};
			name = Release;
		};
/* End XCBuildConfiguration section */

/* Begin XCConfigurationList section */
		61A2C2CD2AA4EAC700C81735 /* Build configuration list for PBXProject "RecipeSaver" */ = {
			isa = XCConfigurationList;
			buildConfigurations = (
				61A2C2DE2AA4EAC900C81735 /* Debug */,
				61A2C2DF2AA4EAC900C81735 /* Release */,
			);
			defaultConfigurationIsVisible = 0;
			defaultConfigurationName = Release;
		};
		61A2C2E02AA4EAC900C81735 /* Build configuration list for PBXNativeTarget "RecipeSaver" */ = {
			isa = XCConfigurationList;
			buildConfigurations = (
				61A2C2E12AA4EAC900C81735 /* Debug */,
				61A2C2E22AA4EAC900C81735 /* Release */,
			);
			defaultConfigurationIsVisible = 0;
			defaultConfigurationName = Release;
		};
/* End XCConfigurationList section */
	};
	rootObject = 61A2C2CA2AA4EAC700C81735 /* Project object */;
}
